
Microsoft Visual Studio Solution File, Format Version 12.00
# Visual Studio Version 16
VisualStudioVersion = 16.0.29418.71
MinimumVisualStudioVersion = 10.0.40219.1
Project("{FAE04EC0-301F-11D3-BF4B-00C04F79EFBC}") = "ASP.net SQL", "ASP.net SQL\ASP.net SQL.csproj", "{E4F91415-0C79-459B-BF09-BC831E5A7E69}"
EndProject
Global
	GlobalSection(SolutionConfigurationPlatforms) = preSolution
		Debug|Any CPU = Debug|Any CPU
		Release|Any CPU = Release|Any CPU
	EndGlobalSection
	GlobalSection(ProjectConfigurationPlatforms) = postSolution
		{E4F91415-0C79-459B-BF09-BC831E5A7E69}.Debug|Any CPU.ActiveCfg = Debug|Any CPU
		{E4F91415-0C79-459B-BF09-BC831E5A7E69}.Debug|Any CPU.Build.0 = Debug|Any CPU
		{E4F91415-0C79-459B-BF09-BC831E5A7E69}.Release|Any CPU.ActiveCfg = Release|Any CPU
		{E4F91415-0C79-459B-BF09-BC831E5A7E69}.Release|Any CPU.Build.0 = Release|Any CPU
	EndGlobalSection
	GlobalSection(SolutionProperties) = preSolution
		HideSolutionNode = FALSE
	EndGlobalSection
	GlobalSection(ExtensibilityGlobals) = postSolution
		SolutionGuid = {A37E7145-D33C-41CE-90CC-796EAC7BC03C}
	EndGlobalSection
EndGlobal
